
Microsoft Visual Studio Solution File, Format Version 12.00
# Visual Studio 15
VisualStudioVersion = 15.0.28010.2026
MinimumVisualStudioVersion = 10.0.40219.1
Project("{FAE04EC0-301F-11D3-BF4B-00C04F79EFBC}") = "plugin_petercashel.ModdersGearbox", "plugin_petercashel.ModdersGearbox\plugin_petercashel.ModdersGearbox.csproj", "{FCE978BA-1EA6-4C0C-8BE0-B1CCB9C02C3D}"
	ProjectSection(ProjectDependencies) = postProject
		{37E79150-1CC8-4A86-AA3B-856AD2F1FEF9} = {37E79150-1CC8-4A86-AA3B-856AD2F1FEF9}
	EndProjectSection
EndProject
Project("{FAE04EC0-301F-11D3-BF4B-00C04F79EFBC}") = "petercashel.ModdersGearboxAPI", "petercashel.ModdersGearboxAPI\petercashel.ModdersGearboxAPI.csproj", "{37E79150-1CC8-4A86-AA3B-856AD2F1FEF9}"
EndProject
Global
	GlobalSection(SolutionConfigurationPlatforms) = preSolution
		Debug|Any CPU = Debug|Any CPU
		DebugWorkshop|Any CPU = DebugWorkshop|Any CPU
		Release|Any CPU = Release|Any CPU
	EndGlobalSection
	GlobalSection(ProjectConfigurationPlatforms) = postSolution
		{FCE978BA-1EA6-4C0C-8BE0-B1CCB9C02C3D}.Debug|Any CPU.ActiveCfg = Debug|Any CPU
		{FCE978BA-1EA6-4C0C-8BE0-B1CCB9C02C3D}.Debug|Any CPU.Build.0 = Debug|Any CPU
		{FCE978BA-1EA6-4C0C-8BE0-B1CCB9C02C3D}.DebugWorkshop|Any CPU.ActiveCfg = DebugWorkshop|Any CPU
		{FCE978BA-1EA6-4C0C-8BE0-B1CCB9C02C3D}.DebugWorkshop|Any CPU.Build.0 = DebugWorkshop|Any CPU
		{FCE978BA-1EA6-4C0C-8BE0-B1CCB9C02C3D}.Release|Any CPU.ActiveCfg = Release|Any CPU
		{FCE978BA-1EA6-4C0C-8BE0-B1CCB9C02C3D}.Release|Any CPU.Build.0 = Release|Any CPU
		{37E79150-1CC8-4A86-AA3B-856AD2F1FEF9}.Debug|Any CPU.ActiveCfg = Debug|Any CPU
		{37E79150-1CC8-4A86-AA3B-856AD2F1FEF9}.Debug|Any CPU.Build.0 = Debug|Any CPU
		{37E79150-1CC8-4A86-AA3B-856AD2F1FEF9}.DebugWorkshop|Any CPU.ActiveCfg = Debug|Any CPU
		{37E79150-1CC8-4A86-AA3B-856AD2F1FEF9}.DebugWorkshop|Any CPU.Build.0 = Debug|Any CPU
		{37E79150-1CC8-4A86-AA3B-856AD2F1FEF9}.Release|Any CPU.ActiveCfg = Release|Any CPU
		{37E79150-1CC8-4A86-AA3B-856AD2F1FEF9}.Release|Any CPU.Build.0 = Release|Any CPU
	EndGlobalSection
	GlobalSection(SolutionProperties) = preSolution
		HideSolutionNode = FALSE
	EndGlobalSection
	GlobalSection(ExtensibilityGlobals) = postSolution
		SolutionGuid = {E73AD036-B27B-4AB0-88D7-ADF2A5B9A0CD}
	EndGlobalSection
EndGlobal
